
Microsoft Visual Studio Solution File, Format Version 12.00
# Visual Studio Version 17
VisualStudioVersion = 17.0.31903.59
MinimumVisualStudioVersion = 10.0.40219.1
Project("{2150E333-8FDC-42A3-9474-1A3956D46DE8}") = "LeetcodeProblemSolutions", "LeetcodeProblemSolutions", "{0ED0D72B-9706-4C5F-B4A3-31D6AB122636}"
EndProject
Project("{2150E333-8FDC-42A3-9474-1A3956D46DE8}") = "LeetcodeProblems", "LeetcodeProblems", "{3653FCEF-1394-4908-8435-CEF04D710F47}"
EndProject
Project("{2150E333-8FDC-42A3-9474-1A3956D46DE8}") = "easy", "easy", "{ADEFD602-09C1-45F1-83BF-BC9010046553}"
EndProject
Project("{FAE04EC0-301F-11D3-BF4B-00C04F79EFBC}") = "LeetcodeProblem1", "LeetcodeProblemSolutions\LeetcodeProblems\easy\LeetcodeProblem1\LeetcodeProblem1.csproj", "{170FEA8B-F35B-477C-B521-40CDB35E18F8}"
EndProject
Global
	GlobalSection(SolutionConfigurationPlatforms) = preSolution
		Debug|Any CPU = Debug|Any CPU
		Release|Any CPU = Release|Any CPU
	EndGlobalSection
	GlobalSection(SolutionProperties) = preSolution
		HideSolutionNode = FALSE
	EndGlobalSection
	GlobalSection(ProjectConfigurationPlatforms) = postSolution
		{170FEA8B-F35B-477C-B521-40CDB35E18F8}.Debug|Any CPU.ActiveCfg = Debug|Any CPU
		{170FEA8B-F35B-477C-B521-40CDB35E18F8}.Debug|Any CPU.Build.0 = Debug|Any CPU
		{170FEA8B-F35B-477C-B521-40CDB35E18F8}.Release|Any CPU.ActiveCfg = Release|Any CPU
		{170FEA8B-F35B-477C-B521-40CDB35E18F8}.Release|Any CPU.Build.0 = Release|Any CPU
	EndGlobalSection
	GlobalSection(NestedProjects) = preSolution
		{3653FCEF-1394-4908-8435-CEF04D710F47} = {0ED0D72B-9706-4C5F-B4A3-31D6AB122636}
		{ADEFD602-09C1-45F1-83BF-BC9010046553} = {3653FCEF-1394-4908-8435-CEF04D710F47}
		{170FEA8B-F35B-477C-B521-40CDB35E18F8} = {ADEFD602-09C1-45F1-83BF-BC9010046553}
	EndGlobalSection
EndGlobal
